// !$*UTF8*$!
{
	archiveVersion = 1;
	classes = {
	};
	objectVersion = 56;
	objects = {

/* Begin PBXBuildFile section */
		BD7BE0642C53AB3A00FA7456 /* projectTwoApp.swift in Sources */ = {isa = PBXBuildFile; fileRef = BD7BE0632C53AB3A00FA7456 /* projectTwoApp.swift */; };
		BD7BE0662C53AB3A00FA7456 /* ContentView.swift in Sources */ = {isa = PBXBuildFile; fileRef = BD7BE0652C53AB3A00FA7456 /* ContentView.swift */; };
		BD7BE0682C53AB3C00FA7456 /* Assets.xcassets in Resources */ = {isa = PBXBuildFile; fileRef = BD7BE0672C53AB3C00FA7456 /* Assets.xcassets */; };
		BD7BE06B2C53AB3C00FA7456 /* Preview Assets.xcassets in Resources */ = {isa = PBXBuildFile; fileRef = BD7BE06A2C53AB3C00FA7456 /* Preview Assets.xcassets */; };
		BD7BE0752C53AB3C00FA7456 /* projectTwoTests.swift in Sources */ = {isa = PBXBuildFile; fileRef = BD7BE0742C53AB3C00FA7456 /* projectTwoTests.swift */; };
		BD7BE07F2C53AB3C00FA7456 /* projectTwoUITests.swift in Sources */ = {isa = PBXBuildFile; fileRef = BD7BE07E2C53AB3C00FA7456 /* projectTwoUITests.swift */; };
		BD7BE0812C53AB3C00FA7456 /* projectTwoUITestsLaunchTests.swift in Sources */ = {isa = PBXBuildFile; fileRef = BD7BE0802C53AB3C00FA7456 /* projectTwoUITestsLaunchTests.swift */; };
		BD7BE08E2C53AB7300FA7456 /* fileTwo.swift in Sources */ = {isa = PBXBuildFile; fileRef = BD7BE08D2C53AB7300FA7456 /* fileTwo.swift */; };
		BD7BE0902C53B23800FA7456 /* fileThree.swift in Sources */ = {isa = PBXBuildFile; fileRef = BD7BE08F2C53B23800FA7456 /* fileThree.swift */; };
		BD7BE0922C53B36100FA7456 /* fileFour.swift in Sources */ = {isa = PBXBuildFile; fileRef = BD7BE0912C53B36100FA7456 /* fileFour.swift */; };
		BD7BE0942C53B41A00FA7456 /* fileFive.swift in Sources */ = {isa = PBXBuildFile; fileRef = BD7BE0932C53B41A00FA7456 /* fileFive.swift */; };
		BD7BE0962C53B6A400FA7456 /* fileSix.swift in Sources */ = {isa = PBXBuildFile; fileRef = BD7BE0952C53B6A400FA7456 /* fileSix.swift */; };
		BD7BE0982C53B8DD00FA7456 /* fileZero.swift in Sources */ = {isa = PBXBuildFile; fileRef = BD7BE0972C53B8DD00FA7456 /* fileZero.swift */; };
/* End PBXBuildFile section */

/* Begin PBXContainerItemProxy section */
		BD7BE0712C53AB3C00FA7456 /* PBXContainerItemProxy */ = {
			isa = PBXContainerItemProxy;
			containerPortal = BD7BE0582C53AB3A00FA7456 /* Project object */;
			proxyType = 1;
			remoteGlobalIDString = BD7BE05F2C53AB3A00FA7456;
			remoteInfo = projectTwo;
		};
		BD7BE07B2C53AB3C00FA7456 /* PBXContainerItemProxy */ = {
			isa = PBXContainerItemProxy;
			containerPortal = BD7BE0582C53AB3A00FA7456 /* Project object */;
			proxyType = 1;
			remoteGlobalIDString = BD7BE05F2C53AB3A00FA7456;
			remoteInfo = projectTwo;
		};
/* End PBXContainerItemProxy section */

/* Begin PBXFileReference section */
		BD7BE0602C53AB3A00FA7456 /* projectTwo.app */ = {isa = PBXFileReference; explicitFileType = wrapper.application; includeInIndex = 0; path = projectTwo.app; sourceTree = BUILT_PRODUCTS_DIR; };
		BD7BE0632C53AB3A00FA7456 /* projectTwoApp.swift */ = {isa = PBXFileReference; lastKnownFileType = sourcecode.swift; path = projectTwoApp.swift; sourceTree = "<group>"; };
		BD7BE0652C53AB3A00FA7456 /* ContentView.swift */ = {isa = PBXFileReference; lastKnownFileType = sourcecode.swift; path = ContentView.swift; sourceTree = "<group>"; };
		BD7BE0672C53AB3C00FA7456 /* Assets.xcassets */ = {isa = PBXFileReference; lastKnownFileType = folder.assetcatalog; path = Assets.xcassets; sourceTree = "<group>"; };
		BD7BE06A2C53AB3C00FA7456 /* Preview Assets.xcassets */ = {isa = PBXFileReference; lastKnownFileType = folder.assetcatalog; path = "Preview Assets.xcassets"; sourceTree = "<group>"; };
		BD7BE0702C53AB3C00FA7456 /* projectTwoTests.xctest */ = {isa = PBXFileReference; explicitFileType = wrapper.cfbundle; includeInIndex = 0; path = projectTwoTests.xctest; sourceTree = BUILT_PRODUCTS_DIR; };
		BD7BE0742C53AB3C00FA7456 /* projectTwoTests.swift */ = {isa = PBXFileReference; lastKnownFileType = sourcecode.swift; path = projectTwoTests.swift; sourceTree = "<group>"; };
		BD7BE07A2C53AB3C00FA7456 /* projectTwoUITests.xctest */ = {isa = PBXFileReference; explicitFileType = wrapper.cfbundle; includeInIndex = 0; path = projectTwoUITests.xctest; sourceTree = BUILT_PRODUCTS_DIR; };
		BD7BE07E2C53AB3C00FA7456 /* projectTwoUITests.swift */ = {isa = PBXFileReference; lastKnownFileType = sourcecode.swift; path = projectTwoUITests.swift; sourceTree = "<group>"; };
		BD7BE0802C53AB3C00FA7456 /* projectTwoUITestsLaunchTests.swift */ = {isa = PBXFileReference; lastKnownFileType = sourcecode.swift; path = projectTwoUITestsLaunchTests.swift; sourceTree = "<group>"; };
		BD7BE08D2C53AB7300FA7456 /* fileTwo.swift */ = {isa = PBXFileReference; lastKnownFileType = sourcecode.swift; path = fileTwo.swift; sourceTree = "<group>"; };
		BD7BE08F2C53B23800FA7456 /* fileThree.swift */ = {isa = PBXFileReference; lastKnownFileType = sourcecode.swift; path = fileThree.swift; sourceTree = "<group>"; };
		BD7BE0912C53B36100FA7456 /* fileFour.swift */ = {isa = PBXFileReference; lastKnownFileType = sourcecode.swift; path = fileFour.swift; sourceTree = "<group>"; };
		BD7BE0932C53B41A00FA7456 /* fileFive.swift */ = {isa = PBXFileReference; lastKnownFileType = sourcecode.swift; path = fileFive.swift; sourceTree = "<group>"; };
		BD7BE0952C53B6A400FA7456 /* fileSix.swift */ = {isa = PBXFileReference; lastKnownFileType = sourcecode.swift; path = fileSix.swift; sourceTree = "<group>"; };
		BD7BE0972C53B8DD00FA7456 /* fileZero.swift */ = {isa = PBXFileReference; lastKnownFileType = sourcecode.swift; path = fileZero.swift; sourceTree = "<group>"; };
/* End PBXFileReference section */

/* Begin PBXFrameworksBuildPhase section */
		BD7BE05D2C53AB3A00FA7456 /* Frameworks */ = {
			isa = PBXFrameworksBuildPhase;
			buildActionMask = 2147483647;
			files = (
			);
			runOnlyForDeploymentPostprocessing = 0;
		};
		BD7BE06D2C53AB3C00FA7456 /* Frameworks */ = {
			isa = PBXFrameworksBuildPhase;
			buildActionMask = 2147483647;
			files = (
			);
			runOnlyForDeploymentPostprocessing = 0;
		};
		BD7BE0772C53AB3C00FA7456 /* Frameworks */ = {
			isa = PBXFrameworksBuildPhase;
			buildActionMask = 2147483647;
			files = (
			);
			runOnlyForDeploymentPostprocessing = 0;
		};
/* End PBXFrameworksBuildPhase section */

/* Begin PBXGroup section */
		BD7BE0572C53AB3A00FA7456 = {
			isa = PBXGroup;
			children = (
				BD7BE0972C53B8DD00FA7456 /* fileZero.swift */,
				BD7BE0622C53AB3A00FA7456 /* projectTwo */,
				BD7BE0732C53AB3C00FA7456 /* projectTwoTests */,
				BD7BE07D2C53AB3C00FA7456 /* projectTwoUITests */,
				BD7BE0612C53AB3A00FA7456 /* Products */,
			);
			sourceTree = "<group>";
		};
		BD7BE0612C53AB3A00FA7456 /* Products */ = {
			isa = PBXGroup;
			children = (
				BD7BE0602C53AB3A00FA7456 /* projectTwo.app */,
				BD7BE0702C53AB3C00FA7456 /* projectTwoTests.xctest */,
				BD7BE07A2C53AB3C00FA7456 /* projectTwoUITests.xctest */,
			);
			name = Products;
			sourceTree = "<group>";
		};
		BD7BE0622C53AB3A00FA7456 /* projectTwo */ = {
			isa = PBXGroup;
			children = (
				BD7BE0632C53AB3A00FA7456 /* projectTwoApp.swift */,
				BD7BE0652C53AB3A00FA7456 /* ContentView.swift */,
				BD7BE0912C53B36100FA7456 /* fileFour.swift */,
				BD7BE0932C53B41A00FA7456 /* fileFive.swift */,
				BD7BE0952C53B6A400FA7456 /* fileSix.swift */,
				BD7BE08D2C53AB7300FA7456 /* fileTwo.swift */,
				BD7BE08F2C53B23800FA7456 /* fileThree.swift */,
				BD7BE0672C53AB3C00FA7456 /* Assets.xcassets */,
				BD7BE0692C53AB3C00FA7456 /* Preview Content */,
			);
			path = projectTwo;
			sourceTree = "<group>";
		};
		BD7BE0692C53AB3C00FA7456 /* Preview Content */ = {
			isa = PBXGroup;
			children = (
				BD7BE06A2C53AB3C00FA7456 /* Preview Assets.xcassets */,
			);
			path = "Preview Content";
			sourceTree = "<group>";
		};
		BD7BE0732C53AB3C00FA7456 /* projectTwoTests */ = {
			isa = PBXGroup;
			children = (
				BD7BE0742C53AB3C00FA7456 /* projectTwoTests.swift */,
			);
			path = projectTwoTests;
			sourceTree = "<group>";
		};
		BD7BE07D2C53AB3C00FA7456 /* projectTwoUITests */ = {
			isa = PBXGroup;
			children = (
				BD7BE07E2C53AB3C00FA7456 /* projectTwoUITests.swift */,
				BD7BE0802C53AB3C00FA7456 /* projectTwoUITestsLaunchTests.swift */,
			);
			path = projectTwoUITests;
			sourceTree = "<group>";
		};
/* End PBXGroup section */

/* Begin PBXNativeTarget section */
		BD7BE05F2C53AB3A00FA7456 /* projectTwo */ = {
			isa = PBXNativeTarget;
			buildConfigurationList = BD7BE0842C53AB3C00FA7456 /* Build configuration list for PBXNativeTarget "projectTwo" */;
			buildPhases = (
				BD7BE05C2C53AB3A00FA7456 /* Sources */,
				BD7BE05D2C53AB3A00FA7456 /* Frameworks */,
				BD7BE05E2C53AB3A00FA7456 /* Resources */,
			);
			buildRules = (
			);
			dependencies = (
			);
			name = projectTwo;
			productName = projectTwo;
			productReference = BD7BE0602C53AB3A00FA7456 /* projectTwo.app */;
			productType = "com.apple.product-type.application";
		};
		BD7BE06F2C53AB3C00FA7456 /* projectTwoTests */ = {
			isa = PBXNativeTarget;
			buildConfigurationList = BD7BE0872C53AB3C00FA7456 /* Build configuration list for PBXNativeTarget "projectTwoTests" */;
			buildPhases = (
				BD7BE06C2C53AB3C00FA7456 /* Sources */,
				BD7BE06D2C53AB3C00FA7456 /* Frameworks */,
				BD7BE06E2C53AB3C00FA7456 /* Resources */,
			);
			buildRules = (
			);
			dependencies = (
				BD7BE0722C53AB3C00FA7456 /* PBXTargetDependency */,
			);
			name = projectTwoTests;
			productName = projectTwoTests;
			productReference = BD7BE0702C53AB3C00FA7456 /* projectTwoTests.xctest */;
			productType = "com.apple.product-type.bundle.unit-test";
		};
		BD7BE0792C53AB3C00FA7456 /* projectTwoUITests */ = {
			isa = PBXNativeTarget;
			buildConfigurationList = BD7BE08A2C53AB3C00FA7456 /* Build configuration list for PBXNativeTarget "projectTwoUITests" */;
			buildPhases = (
				BD7BE0762C53AB3C00FA7456 /* Sources */,
				BD7BE0772C53AB3C00FA7456 /* Frameworks */,
				BD7BE0782C53AB3C00FA7456 /* Resources */,
			);
			buildRules = (
			);
			dependencies = (
				BD7BE07C2C53AB3C00FA7456 /* PBXTargetDependency */,
			);
			name = projectTwoUITests;
			productName = projectTwoUITests;
			productReference = BD7BE07A2C53AB3C00FA7456 /* projectTwoUITests.xctest */;
			productType = "com.apple.product-type.bundle.ui-testing";
		};
/* End PBXNativeTarget section */

/* Begin PBXProject section */
		BD7BE0582C53AB3A00FA7456 /* Project object */ = {
			isa = PBXProject;
			attributes = {
				BuildIndependentTargetsInParallel = 1;
				LastSwiftUpdateCheck = 1540;
				LastUpgradeCheck = 1540;
				TargetAttributes = {
					BD7BE05F2C53AB3A00FA7456 = {
						CreatedOnToolsVersion = 15.4;
					};
					BD7BE06F2C53AB3C00FA7456 = {
						CreatedOnToolsVersion = 15.4;
						TestTargetID = BD7BE05F2C53AB3A00FA7456;
					};
					BD7BE0792C53AB3C00FA7456 = {
						CreatedOnToolsVersion = 15.4;
						TestTargetID = BD7BE05F2C53AB3A00FA7456;
					};
				};
			};
			buildConfigurationList = BD7BE05B2C53AB3A00FA7456 /* Build configuration list for PBXProject "projectTwo" */;
			compatibilityVersion = "Xcode 14.0";
			developmentRegion = en;
			hasScannedForEncodings = 0;
			knownRegions = (
				en,
				Base,
			);
			mainGroup = BD7BE0572C53AB3A00FA7456;
			productRefGroup = BD7BE0612C53AB3A00FA7456 /* Products */;
			projectDirPath = "";
			projectRoot = "";
			targets = (
				BD7BE05F2C53AB3A00FA7456 /* projectTwo */,
				BD7BE06F2C53AB3C00FA7456 /* projectTwoTests */,
				BD7BE0792C53AB3C00FA7456 /* projectTwoUITests */,
			);
		};
/* End PBXProject section */

/* Begin PBXResourcesBuildPhase section */
		BD7BE05E2C53AB3A00FA7456 /* Resources */ = {
			isa = PBXResourcesBuildPhase;
			buildActionMask = 2147483647;
			files = (
				BD7BE06B2C53AB3C00FA7456 /* Preview Assets.xcassets in Resources */,
				BD7BE0682C53AB3C00FA7456 /* Assets.xcassets in Resources */,
			);
			runOnlyForDeploymentPostprocessing = 0;
		};
		BD7BE06E2C53AB3C00FA7456 /* Resources */ = {
			isa = PBXResourcesBuildPhase;
			buildActionMask = 2147483647;
			files = (
			);
			runOnlyForDeploymentPostprocessing = 0;
		};
		BD7BE0782C53AB3C00FA7456 /* Resources */ = {
			isa = PBXResourcesBuildPhase;
			buildActionMask = 2147483647;
			files = (
			);
			runOnlyForDeploymentPostprocessing = 0;
		};
/* End PBXResourcesBuildPhase section */

/* Begin PBXSourcesBuildPhase section */
		BD7BE05C2C53AB3A00FA7456 /* Sources */ = {
			isa = PBXSourcesBuildPhase;
			buildActionMask = 2147483647;
			files = (
				BD7BE0922C53B36100FA7456 /* fileFour.swift in Sources */,
				BD7BE0982C53B8DD00FA7456 /* fileZero.swift in Sources */,
				BD7BE0662C53AB3A00FA7456 /* ContentView.swift in Sources */,
				BD7BE08E2C53AB7300FA7456 /* fileTwo.swift in Sources */,
				BD7BE0962C53B6A400FA7456 /* fileSix.swift in Sources */,
				BD7BE0942C53B41A00FA7456 /* fileFive.swift in Sources */,
				BD7BE0902C53B23800FA7456 /* fileThree.swift in Sources */,
				BD7BE0642C53AB3A00FA7456 /* projectTwoApp.swift in Sources */,
			);
			runOnlyForDeploymentPostprocessing = 0;
		};
		BD7BE06C2C53AB3C00FA7456 /* Sources */ = {
			isa = PBXSourcesBuildPhase;
			buildActionMask = 2147483647;
			files = (
				BD7BE0752C53AB3C00FA7456 /* projectTwoTests.swift in Sources */,
			);
			runOnlyForDeploymentPostprocessing = 0;
		};
		BD7BE0762C53AB3C00FA7456 /* Sources */ = {
			isa = PBXSourcesBuildPhase;
			buildActionMask = 2147483647;
			files = (
				BD7BE07F2C53AB3C00FA7456 /* projectTwoUITests.swift in Sources */,
				BD7BE0812C53AB3C00FA7456 /* projectTwoUITestsLaunchTests.swift in Sources */,
			);
			runOnlyForDeploymentPostprocessing = 0;
		};
/* End PBXSourcesBuildPhase section */

/* Begin PBXTargetDependency section */
		BD7BE0722C53AB3C00FA7456 /* PBXTargetDependency */ = {
			isa = PBXTargetDependency;
			target = BD7BE05F2C53AB3A00FA7456 /* projectTwo */;
			targetProxy = BD7BE0712C53AB3C00FA7456 /* PBXContainerItemProxy */;
		};
		BD7BE07C2C53AB3C00FA7456 /* PBXTargetDependency */ = {
			isa = PBXTargetDependency;
			target = BD7BE05F2C53AB3A00FA7456 /* projectTwo */;
			targetProxy = BD7BE07B2C53AB3C00FA7456 /* PBXContainerItemProxy */;
		};
/* End PBXTargetDependency section */

/* Begin XCBuildConfiguration section */
		BD7BE0822C53AB3C00FA7456 /* Debug */ = {
			isa = XCBuildConfiguration;
			buildSettings = {
				ALWAYS_SEARCH_USER_PATHS = NO;
				ASSETCATALOG_COMPILER_GENERATE_SWIFT_ASSET_SYMBOL_EXTENSIONS = YES;
				CLANG_ANALYZER_NONNULL = YES;
				CLANG_ANALYZER_NUMBER_OBJECT_CONVERSION = YES_AGGRESSIVE;
				CLANG_CXX_LANGUAGE_STANDARD = "gnu++20";
				CLANG_ENABLE_MODULES = YES;
				CLANG_ENABLE_OBJC_ARC = YES;
				CLANG_ENABLE_OBJC_WEAK = YES;
				CLANG_WARN_BLOCK_CAPTURE_AUTORELEASING = YES;
				CLANG_WARN_BOOL_CONVERSION = YES;
				CLANG_WARN_COMMA = YES;
				CLANG_WARN_CONSTANT_CONVERSION = YES;
				CLANG_WARN_DEPRECATED_OBJC_IMPLEMENTATIONS = YES;
				CLANG_WARN_DIRECT_OBJC_ISA_USAGE = YES_ERROR;
				CLANG_WARN_DOCUMENTATION_COMMENTS = YES;
				CLANG_WARN_EMPTY_BODY = YES;
				CLANG_WARN_ENUM_CONVERSION = YES;
				CLANG_WARN_INFINITE_RECURSION = YES;
				CLANG_WARN_INT_CONVERSION = YES;
				CLANG_WARN_NON_LITERAL_NULL_CONVERSION = YES;
				CLANG_WARN_OBJC_IMPLICIT_RETAIN_SELF = YES;
				CLANG_WARN_OBJC_LITERAL_CONVERSION = YES;
				CLANG_WARN_OBJC_ROOT_CLASS = YES_ERROR;
				CLANG_WARN_QUOTED_INCLUDE_IN_FRAMEWORK_HEADER = YES;
				CLANG_WARN_RANGE_LOOP_ANALYSIS = YES;
				CLANG_WARN_STRICT_PROTOTYPES = YES;
				CLANG_WARN_SUSPICIOUS_MOVE = YES;
				CLANG_WARN_UNGUARDED_AVAILABILITY = YES_AGGRESSIVE;
				CLANG_WARN_UNREACHABLE_CODE = YES;
				CLANG_WARN__DUPLICATE_METHOD_MATCH = YES;
				COPY_PHASE_STRIP = NO;
				DEBUG_INFORMATION_FORMAT = dwarf;
				ENABLE_STRICT_OBJC_MSGSEND = YES;
				ENABLE_TESTABILITY = YES;
				ENABLE_USER_SCRIPT_SANDBOXING = YES;
				GCC_C_LANGUAGE_STANDARD = gnu17;
				GCC_DYNAMIC_NO_PIC = NO;
				GCC_NO_COMMON_BLOCKS = YES;
				GCC_OPTIMIZATION_LEVEL = 0;
				GCC_PREPROCESSOR_DEFINITIONS = (
					"DEBUG=1",
					"$(inherited)",
				);
				GCC_WARN_64_TO_32_BIT_CONVERSION = YES;
				GCC_WARN_ABOUT_RETURN_TYPE = YES_ERROR;
				GCC_WARN_UNDECLARED_SELECTOR = YES;
				GCC_WARN_UNINITIALIZED_AUTOS = YES_AGGRESSIVE;
				GCC_WARN_UNUSED_FUNCTION = YES;
				GCC_WARN_UNUSED_VARIABLE = YES;
				IPHONEOS_DEPLOYMENT_TARGET = 17.5;
				LOCALIZATION_PREFERS_STRING_CATALOGS = YES;
				MTL_ENABLE_DEBUG_INFO = INCLUDE_SOURCE;
				MTL_FAST_MATH = YES;
				ONLY_ACTIVE_ARCH = YES;
				SDKROOT = iphoneos;
				SWIFT_ACTIVE_COMPILATION_CONDITIONS = "DEBUG $(inherited)";
				SWIFT_OPTIMIZATION_LEVEL = "-Onone";
			};
			name = Debug;
		};
		BD7BE0832C53AB3C00FA7456 /* Release */ = {
			isa = XCBuildConfiguration;
			buildSettings = {
				ALWAYS_SEARCH_USER_PATHS = NO;
				ASSETCATALOG_COMPILER_GENERATE_SWIFT_ASSET_SYMBOL_EXTENSIONS = YES;
				CLANG_ANALYZER_NONNULL = YES;
				CLANG_ANALYZER_NUMBER_OBJECT_CONVERSION = YES_AGGRESSIVE;
				CLANG_CXX_LANGUAGE_STANDARD = "gnu++20";
				CLANG_ENABLE_MODULES = YES;
				CLANG_ENABLE_OBJC_ARC = YES;
				CLANG_ENABLE_OBJC_WEAK = YES;
				CLANG_WARN_BLOCK_CAPTURE_AUTORELEASING = YES;
				CLANG_WARN_BOOL_CONVERSION = YES;
				CLANG_WARN_COMMA = YES;
				CLANG_WARN_CONSTANT_CONVERSION = YES;
				CLANG_WARN_DEPRECATED_OBJC_IMPLEMENTATIONS = YES;
				CLANG_WARN_DIRECT_OBJC_ISA_USAGE = YES_ERROR;
				CLANG_WARN_DOCUMENTATION_COMMENTS = YES;
				CLANG_WARN_EMPTY_BODY = YES;
				CLANG_WARN_ENUM_CONVERSION = YES;
				CLANG_WARN_INFINITE_RECURSION = YES;
				CLANG_WARN_INT_CONVERSION = YES;
				CLANG_WARN_NON_LITERAL_NULL_CONVERSION = YES;
				CLANG_WARN_OBJC_IMPLICIT_RETAIN_SELF = YES;
				CLANG_WARN_OBJC_LITERAL_CONVERSION = YES;
				CLANG_WARN_OBJC_ROOT_CLASS = YES_ERROR;
				CLANG_WARN_QUOTED_INCLUDE_IN_FRAMEWORK_HEADER = YES;
				CLANG_WARN_RANGE_LOOP_ANALYSIS = YES;
				CLANG_WARN_STRICT_PROTOTYPES = YES;
				CLANG_WARN_SUSPICIOUS_MOVE = YES;
				CLANG_WARN_UNGUARDED_AVAILABILITY = YES_AGGRESSIVE;
				CLANG_WARN_UNREACHABLE_CODE = YES;
				CLANG_WARN__DUPLICATE_METHOD_MATCH = YES;
				COPY_PHASE_STRIP = NO;
				DEBUG_INFORMATION_FORMAT = "dwarf-with-dsym";
				ENABLE_NS_ASSERTIONS = NO;
				ENABLE_STRICT_OBJC_MSGSEND = YES;
				ENABLE_USER_SCRIPT_SANDBOXING = YES;
				GCC_C_LANGUAGE_STANDARD = gnu17;
				GCC_NO_COMMON_BLOCKS = YES;
				GCC_WARN_64_TO_32_BIT_CONVERSION = YES;
				GCC_WARN_ABOUT_RETURN_TYPE = YES_ERROR;
				GCC_WARN_UNDECLARED_SELECTOR = YES;
				GCC_WARN_UNINITIALIZED_AUTOS = YES_AGGRESSIVE;
				GCC_WARN_UNUSED_FUNCTION = YES;
				GCC_WARN_UNUSED_VARIABLE = YES;
				IPHONEOS_DEPLOYMENT_TARGET = 17.5;
				LOCALIZATION_PREFERS_STRING_CATALOGS = YES;
				MTL_ENABLE_DEBUG_INFO = NO;
				MTL_FAST_MATH = YES;
				SDKROOT = iphoneos;
				SWIFT_COMPILATION_MODE = wholemodule;
				VALIDATE_PRODUCT = YES;
			};
			name = Release;
		};
		BD7BE0852C53AB3C00FA7456 /* Debug */ = {
			isa = XCBuildConfiguration;
			buildSettings = {
				ASSETCATALOG_COMPILER_APPICON_NAME = AppIcon;
				ASSETCATALOG_COMPILER_GLOBAL_ACCENT_COLOR_NAME = AccentColor;
				CODE_SIGN_STYLE = Automatic;
				CURRENT_PROJECT_VERSION = 1;
				DEVELOPMENT_ASSET_PATHS = "\"projectTwo/Preview Content\"";
				ENABLE_PREVIEWS = YES;
				GENERATE_INFOPLIST_FILE = YES;
				INFOPLIST_KEY_UIApplicationSceneManifest_Generation = YES;
				INFOPLIST_KEY_UIApplicationSupportsIndirectInputEvents = YES;
				INFOPLIST_KEY_UILaunchScreen_Generation = YES;
				INFOPLIST_KEY_UISupportedInterfaceOrientations_iPad = "UIInterfaceOrientationPortrait UIInterfaceOrientationPortraitUpsideDown UIInterfaceOrientationLandscapeLeft UIInterfaceOrientationLandscapeRight";
				INFOPLIST_KEY_UISupportedInterfaceOrientations_iPhone = "UIInterfaceOrientationPortrait UIInterfaceOrientationLandscapeLeft UIInterfaceOrientationLandscapeRight";
				LD_RUNPATH_SEARCH_PATHS = (
					"$(inherited)",
					"@executable_path/Frameworks",
				);
				MARKETING_VERSION = 1.0;
				PRODUCT_BUNDLE_IDENTIFIER = kwk.projectTwo;
				PRODUCT_NAME = "$(TARGET_NAME)";
				SWIFT_EMIT_LOC_STRINGS = YES;
				SWIFT_VERSION = 5.0;
				TARGETED_DEVICE_FAMILY = "1,2";
			};
			name = Debug;
		};
		BD7BE0862C53AB3C00FA7456 /* Release */ = {
			isa = XCBuildConfiguration;
			buildSettings = {
				ASSETCATALOG_COMPILER_APPICON_NAME = AppIcon;
				ASSETCATALOG_COMPILER_GLOBAL_ACCENT_COLOR_NAME = AccentColor;
				CODE_SIGN_STYLE = Automatic;
				CURRENT_PROJECT_VERSION = 1;
				DEVELOPMENT_ASSET_PATHS = "\"projectTwo/Preview Content\"";
				ENABLE_PREVIEWS = YES;
				GENERATE_INFOPLIST_FILE = YES;
				INFOPLIST_KEY_UIApplicationSceneManifest_Generation = YES;
				INFOPLIST_KEY_UIApplicationSupportsIndirectInputEvents = YES;
				INFOPLIST_KEY_UILaunchScreen_Generation = YES;
				INFOPLIST_KEY_UISupportedInterfaceOrientations_iPad = "UIInterfaceOrientationPortrait UIInterfaceOrientationPortraitUpsideDown UIInterfaceOrientationLandscapeLeft UIInterfaceOrientationLandscapeRight";
				INFOPLIST_KEY_UISupportedInterfaceOrientations_iPhone = "UIInterfaceOrientationPortrait UIInterfaceOrientationLandscapeLeft UIInterfaceOrientationLandscapeRight";
				LD_RUNPATH_SEARCH_PATHS = (
					"$(inherited)",
					"@executable_path/Frameworks",
				);
				MARKETING_VERSION = 1.0;
				PRODUCT_BUNDLE_IDENTIFIER = kwk.projectTwo;
				PRODUCT_NAME = "$(TARGET_NAME)";
				SWIFT_EMIT_LOC_STRINGS = YES;
				SWIFT_VERSION = 5.0;
				TARGETED_DEVICE_FAMILY = "1,2";
			};
			name = Release;
		};
		BD7BE0882C53AB3C00FA7456 /* Debug */ = {
			isa = XCBuildConfiguration;
			buildSettings = {
				ALWAYS_EMBED_SWIFT_STANDARD_LIBRARIES = YES;
				BUNDLE_LOADER = "$(TEST_HOST)";
				CODE_SIGN_STYLE = Automatic;
				CURRENT_PROJECT_VERSION = 1;
				GENERATE_INFOPLIST_FILE = YES;
				IPHONEOS_DEPLOYMENT_TARGET = 17.5;
				MARKETING_VERSION = 1.0;
				PRODUCT_BUNDLE_IDENTIFIER = kwk.projectTwoTests;
				PRODUCT_NAME = "$(TARGET_NAME)";
				SWIFT_EMIT_LOC_STRINGS = NO;
				SWIFT_VERSION = 5.0;
				TARGETED_DEVICE_FAMILY = "1,2";
				TEST_HOST = "$(BUILT_PRODUCTS_DIR)/projectTwo.app/$(BUNDLE_EXECUTABLE_FOLDER_PATH)/projectTwo";
			};
			name = Debug;
		};
		BD7BE0892C53AB3C00FA7456 /* Release */ = {
			isa = XCBuildConfiguration;
			buildSettings = {
				ALWAYS_EMBED_SWIFT_STANDARD_LIBRARIES = YES;
				BUNDLE_LOADER = "$(TEST_HOST)";
				CODE_SIGN_STYLE = Automatic;
				CURRENT_PROJECT_VERSION = 1;
				GENERATE_INFOPLIST_FILE = YES;
				IPHONEOS_DEPLOYMENT_TARGET = 17.5;
				MARKETING_VERSION = 1.0;
				PRODUCT_BUNDLE_IDENTIFIER = kwk.projectTwoTests;
				PRODUCT_NAME = "$(TARGET_NAME)";
				SWIFT_EMIT_LOC_STRINGS = NO;
				SWIFT_VERSION = 5.0;
				TARGETED_DEVICE_FAMILY = "1,2";
				TEST_HOST = "$(BUILT_PRODUCTS_DIR)/projectTwo.app/$(BUNDLE_EXECUTABLE_FOLDER_PATH)/projectTwo";
			};
			name = Release;
		};
		BD7BE08B2C53AB3C00FA7456 /* Debug */ = {
			isa = XCBuildConfiguration;
			buildSettings = {
				ALWAYS_EMBED_SWIFT_STANDARD_LIBRARIES = YES;
				CODE_SIGN_STYLE = Automatic;
				CURRENT_PROJECT_VERSION = 1;
				GENERATE_INFOPLIST_FILE = YES;
				MARKETING_VERSION = 1.0;
				PRODUCT_BUNDLE_IDENTIFIER = kwk.projectTwoUITests;
				PRODUCT_NAME = "$(TARGET_NAME)";
				SWIFT_EMIT_LOC_STRINGS = NO;
				SWIFT_VERSION = 5.0;
				TARGETED_DEVICE_FAMILY = "1,2";
				TEST_TARGET_NAME = projectTwo;
			};
			name = Debug;
		};
		BD7BE08C2C53AB3C00FA7456 /* Release */ = {
			isa = XCBuildConfiguration;
			buildSettings = {
				ALWAYS_EMBED_SWIFT_STANDARD_LIBRARIES = YES;
				CODE_SIGN_STYLE = Automatic;
				CURRENT_PROJECT_VERSION = 1;
				GENERATE_INFOPLIST_FILE = YES;
				MARKETING_VERSION = 1.0;
				PRODUCT_BUNDLE_IDENTIFIER = kwk.projectTwoUITests;
				PRODUCT_NAME = "$(TARGET_NAME)";
				SWIFT_EMIT_LOC_STRINGS = NO;
				SWIFT_VERSION = 5.0;
				TARGETED_DEVICE_FAMILY = "1,2";
				TEST_TARGET_NAME = projectTwo;
			};
			name = Release;
		};
/* End XCBuildConfiguration section */

/* Begin XCConfigurationList section */
		BD7BE05B2C53AB3A00FA7456 /* Build configuration list for PBXProject "projectTwo" */ = {
			isa = XCConfigurationList;
			buildConfigurations = (
				BD7BE0822C53AB3C00FA7456 /* Debug */,
				BD7BE0832C53AB3C00FA7456 /* Release */,
			);
			defaultConfigurationIsVisible = 0;
			defaultConfigurationName = Release;
		};
		BD7BE0842C53AB3C00FA7456 /* Build configuration list for PBXNativeTarget "projectTwo" */ = {
			isa = XCConfigurationList;
			buildConfigurations = (
				BD7BE0852C53AB3C00FA7456 /* Debug */,
				BD7BE0862C53AB3C00FA7456 /* Release */,
			);
			defaultConfigurationIsVisible = 0;
			defaultConfigurationName = Release;
		};
		BD7BE0872C53AB3C00FA7456 /* Build configuration list for PBXNativeTarget "projectTwoTests" */ = {
			isa = XCConfigurationList;
			buildConfigurations = (
				BD7BE0882C53AB3C00FA7456 /* Debug */,
				BD7BE0892C53AB3C00FA7456 /* Release */,
			);
			defaultConfigurationIsVisible = 0;
			defaultConfigurationName = Release;
		};
		BD7BE08A2C53AB3C00FA7456 /* Build configuration list for PBXNativeTarget "projectTwoUITests" */ = {
			isa = XCConfigurationList;
			buildConfigurations = (
				BD7BE08B2C53AB3C00FA7456 /* Debug */,
				BD7BE08C2C53AB3C00FA7456 /* Release */,
			);
			defaultConfigurationIsVisible = 0;
			defaultConfigurationName = Release;
		};
/* End XCConfigurationList section */
	};
	rootObject = BD7BE0582C53AB3A00FA7456 /* Project object */;
}
